
Microsoft Visual Studio Solution File, Format Version 12.00
# Visual Studio Version 17
VisualStudioVersion = 17.5.33424.131
MinimumVisualStudioVersion = 10.0.40219.1
Project("{FAE04EC0-301F-11D3-BF4B-00C04F79EFBC}") = "WebApiNet6", "WebApiNet6.csproj", "{14401277-BCFF-4C09-B3CB-347024C65B40}"
EndProject
Global
	GlobalSection(SolutionConfigurationPlatforms) = preSolution
		Debug|Any CPU = Debug|Any CPU
		Release|Any CPU = Release|Any CPU
	EndGlobalSection
	GlobalSection(ProjectConfigurationPlatforms) = postSolution
		{14401277-BCFF-4C09-B3CB-347024C65B40}.Debug|Any CPU.ActiveCfg = Debug|Any CPU
		{14401277-BCFF-4C09-B3CB-347024C65B40}.Debug|Any CPU.Build.0 = Debug|Any CPU
		{14401277-BCFF-4C09-B3CB-347024C65B40}.Release|Any CPU.ActiveCfg = Release|Any CPU
		{14401277-BCFF-4C09-B3CB-347024C65B40}.Release|Any CPU.Build.0 = Release|Any CPU
	EndGlobalSection
	GlobalSection(SolutionProperties) = preSolution
		HideSolutionNode = FALSE
	EndGlobalSection
	GlobalSection(ExtensibilityGlobals) = postSolution
		SolutionGuid = {77E47495-B2BF-40D3-AC82-136206041442}
	EndGlobalSection
EndGlobal
